
Microsoft Visual Studio Solution File, Format Version 12.00
# Visual Studio Version 16
VisualStudioVersion = 16.0.30523.141
MinimumVisualStudioVersion = 10.0.40219.1
Project("{FAE04EC0-301F-11D3-BF4B-00C04F79EFBC}") = "OperatorExercise", "OperatorExercise\OperatorExercise.csproj", "{FF9505AC-52B7-4C89-BC5C-A1A42591F80C}"
EndProject
Global
	GlobalSection(SolutionConfigurationPlatforms) = preSolution
		Debug|Any CPU = Debug|Any CPU
		Release|Any CPU = Release|Any CPU
	EndGlobalSection
	GlobalSection(ProjectConfigurationPlatforms) = postSolution
		{FF9505AC-52B7-4C89-BC5C-A1A42591F80C}.Debug|Any CPU.ActiveCfg = Debug|Any CPU
		{FF9505AC-52B7-4C89-BC5C-A1A42591F80C}.Debug|Any CPU.Build.0 = Debug|Any CPU
		{FF9505AC-52B7-4C89-BC5C-A1A42591F80C}.Release|Any CPU.ActiveCfg = Release|Any CPU
		{FF9505AC-52B7-4C89-BC5C-A1A42591F80C}.Release|Any CPU.Build.0 = Release|Any CPU
	EndGlobalSection
	GlobalSection(SolutionProperties) = preSolution
		HideSolutionNode = FALSE
	EndGlobalSection
	GlobalSection(ExtensibilityGlobals) = postSolution
		SolutionGuid = {D9846A20-3479-4269-80BE-F8F6EFC18CC0}
	EndGlobalSection
EndGlobal
